
Microsoft Visual Studio Solution File, Format Version 12.00
# Visual Studio Version 16
VisualStudioVersion = 16.0.29728.190
MinimumVisualStudioVersion = 10.0.40219.1
Project("{FAE04EC0-301F-11D3-BF4B-00C04F79EFBC}") = "Aspnet_Upload1", "Aspnet_Upload1\Aspnet_Upload1.csproj", "{CBFE4E38-9D87-4250-9EF3-BB86D60A45E7}"
EndProject
Global
	GlobalSection(SolutionConfigurationPlatforms) = preSolution
		Debug|Any CPU = Debug|Any CPU
		Release|Any CPU = Release|Any CPU
	EndGlobalSection
	GlobalSection(ProjectConfigurationPlatforms) = postSolution
		{CBFE4E38-9D87-4250-9EF3-BB86D60A45E7}.Debug|Any CPU.ActiveCfg = Debug|Any CPU
		{CBFE4E38-9D87-4250-9EF3-BB86D60A45E7}.Debug|Any CPU.Build.0 = Debug|Any CPU
		{CBFE4E38-9D87-4250-9EF3-BB86D60A45E7}.Release|Any CPU.ActiveCfg = Release|Any CPU
		{CBFE4E38-9D87-4250-9EF3-BB86D60A45E7}.Release|Any CPU.Build.0 = Release|Any CPU
	EndGlobalSection
	GlobalSection(SolutionProperties) = preSolution
		HideSolutionNode = FALSE
	EndGlobalSection
	GlobalSection(ExtensibilityGlobals) = postSolution
		SolutionGuid = {ABAB4639-3C37-493A-8120-B4BB2EA378E7}
	EndGlobalSection
EndGlobal
